
Microsoft Visual Studio Solution File, Format Version 12.00
Project("{FAE04EC0-301F-11D3-BF4B-00C04F79EFBC}") = "cs", "cs.csproj", "{58FBA5A7-F413-4161-A818-CC10B397C10F}"
EndProject
Global
	GlobalSection(SolutionConfigurationPlatforms) = preSolution
		Debug|Any CPU = Debug|Any CPU
		Release|Any CPU = Release|Any CPU
	EndGlobalSection
	GlobalSection(ProjectConfigurationPlatforms) = postSolution
		{58FBA5A7-F413-4161-A818-CC10B397C10F}.Debug|Any CPU.ActiveCfg = Debug|Any CPU
		{58FBA5A7-F413-4161-A818-CC10B397C10F}.Debug|Any CPU.Build.0 = Debug|Any CPU
		{58FBA5A7-F413-4161-A818-CC10B397C10F}.Release|Any CPU.ActiveCfg = Release|Any CPU
		{58FBA5A7-F413-4161-A818-CC10B397C10F}.Release|Any CPU.Build.0 = Release|Any CPU
	EndGlobalSection
EndGlobal
